
Microsoft Visual Studio Solution File, Format Version 12.00
# Visual Studio Version 17
VisualStudioVersion = 17.7.34024.191
MinimumVisualStudioVersion = 10.0.40219.1
Project("{9A19103F-16F7-4668-BE54-9A1E7A4F7556}") = "JsonSerialize", "ConsoleApp5\JsonSerialize.csproj", "{D523AD39-4B57-46F1-9F59-B6D930CD9503}"
EndProject
Project("{9A19103F-16F7-4668-BE54-9A1E7A4F7556}") = "DynamicArray", "Queue\DynamicArray.csproj", "{810098E3-F52C-400C-8718-E56AF1D77809}"
EndProject
Global
	GlobalSection(SolutionConfigurationPlatforms) = preSolution
		Debug|Any CPU = Debug|Any CPU
		Release|Any CPU = Release|Any CPU
	EndGlobalSection
	GlobalSection(ProjectConfigurationPlatforms) = postSolution
		{D523AD39-4B57-46F1-9F59-B6D930CD9503}.Debug|Any CPU.ActiveCfg = Debug|Any CPU
		{D523AD39-4B57-46F1-9F59-B6D930CD9503}.Debug|Any CPU.Build.0 = Debug|Any CPU
		{D523AD39-4B57-46F1-9F59-B6D930CD9503}.Release|Any CPU.ActiveCfg = Release|Any CPU
		{D523AD39-4B57-46F1-9F59-B6D930CD9503}.Release|Any CPU.Build.0 = Release|Any CPU
		{810098E3-F52C-400C-8718-E56AF1D77809}.Debug|Any CPU.ActiveCfg = Debug|Any CPU
		{810098E3-F52C-400C-8718-E56AF1D77809}.Debug|Any CPU.Build.0 = Debug|Any CPU
		{810098E3-F52C-400C-8718-E56AF1D77809}.Release|Any CPU.ActiveCfg = Release|Any CPU
		{810098E3-F52C-400C-8718-E56AF1D77809}.Release|Any CPU.Build.0 = Release|Any CPU
	EndGlobalSection
	GlobalSection(SolutionProperties) = preSolution
		HideSolutionNode = FALSE
	EndGlobalSection
	GlobalSection(ExtensibilityGlobals) = postSolution
		SolutionGuid = {CAEEED67-9A54-4769-A01A-E138CF390FC9}
	EndGlobalSection
EndGlobal
